
Microsoft Visual Studio Solution File, Format Version 12.00
# Visual Studio Version 16
VisualStudioVersion = 16.0.32106.194
MinimumVisualStudioVersion = 10.0.40219.1
Project("{FAE04EC0-301F-11D3-BF4B-00C04F79EFBC}") = "Færdighedsprøve 14-06-2022", "Færdighedsprøve 14-06-2022\Færdighedsprøve 14-06-2022.csproj", "{F889D351-D506-4473-8DBD-A4BEACF9A854}"
EndProject
Global
	GlobalSection(SolutionConfigurationPlatforms) = preSolution
		Debug|Any CPU = Debug|Any CPU
		Release|Any CPU = Release|Any CPU
	EndGlobalSection
	GlobalSection(ProjectConfigurationPlatforms) = postSolution
		{F889D351-D506-4473-8DBD-A4BEACF9A854}.Debug|Any CPU.ActiveCfg = Debug|Any CPU
		{F889D351-D506-4473-8DBD-A4BEACF9A854}.Debug|Any CPU.Build.0 = Debug|Any CPU
		{F889D351-D506-4473-8DBD-A4BEACF9A854}.Release|Any CPU.ActiveCfg = Release|Any CPU
		{F889D351-D506-4473-8DBD-A4BEACF9A854}.Release|Any CPU.Build.0 = Release|Any CPU
	EndGlobalSection
	GlobalSection(SolutionProperties) = preSolution
		HideSolutionNode = FALSE
	EndGlobalSection
	GlobalSection(ExtensibilityGlobals) = postSolution
		SolutionGuid = {2C60E8F8-3D80-48CA-B293-EFD32C25C426}
	EndGlobalSection
EndGlobal
